
Microsoft Visual Studio Solution File, Format Version 12.00
# Visual Studio Version 16
VisualStudioVersion = 16.0.31205.134
MinimumVisualStudioVersion = 10.0.40219.1
Project("{8BC9CEB8-8B4A-11D0-8D11-00A0C91BC942}") = "back_3", "back_3\back_3.vcxproj", "{0C7FD650-29A6-40E2-9BCA-6210426E7B64}"
EndProject
Global
	GlobalSection(SolutionConfigurationPlatforms) = preSolution
		Debug|x64 = Debug|x64
		Debug|x86 = Debug|x86
		Release|x64 = Release|x64
		Release|x86 = Release|x86
	EndGlobalSection
	GlobalSection(ProjectConfigurationPlatforms) = postSolution
		{0C7FD650-29A6-40E2-9BCA-6210426E7B64}.Debug|x64.ActiveCfg = Debug|x64
		{0C7FD650-29A6-40E2-9BCA-6210426E7B64}.Debug|x64.Build.0 = Debug|x64
		{0C7FD650-29A6-40E2-9BCA-6210426E7B64}.Debug|x86.ActiveCfg = Debug|Win32
		{0C7FD650-29A6-40E2-9BCA-6210426E7B64}.Debug|x86.Build.0 = Debug|Win32
		{0C7FD650-29A6-40E2-9BCA-6210426E7B64}.Release|x64.ActiveCfg = Release|x64
		{0C7FD650-29A6-40E2-9BCA-6210426E7B64}.Release|x64.Build.0 = Release|x64
		{0C7FD650-29A6-40E2-9BCA-6210426E7B64}.Release|x86.ActiveCfg = Release|Win32
		{0C7FD650-29A6-40E2-9BCA-6210426E7B64}.Release|x86.Build.0 = Release|Win32
	EndGlobalSection
	GlobalSection(SolutionProperties) = preSolution
		HideSolutionNode = FALSE
	EndGlobalSection
	GlobalSection(ExtensibilityGlobals) = postSolution
		SolutionGuid = {552189C1-248D-43C6-B15A-5ED4D164F683}
	EndGlobalSection
EndGlobal
