
Microsoft Visual Studio Solution File, Format Version 12.00
# Visual Studio Version 16
VisualStudioVersion = 16.0.31205.134
MinimumVisualStudioVersion = 10.0.40219.1
Project("{8BC9CEB8-8B4A-11D0-8D11-00A0C91BC942}") = "DP_1", "DP_1\DP_1.vcxproj", "{CA56BC06-34F3-43B4-843D-DE7B58A6A8FE}"
EndProject
Global
	GlobalSection(SolutionConfigurationPlatforms) = preSolution
		Debug|x64 = Debug|x64
		Debug|x86 = Debug|x86
		Release|x64 = Release|x64
		Release|x86 = Release|x86
	EndGlobalSection
	GlobalSection(ProjectConfigurationPlatforms) = postSolution
		{CA56BC06-34F3-43B4-843D-DE7B58A6A8FE}.Debug|x64.ActiveCfg = Debug|x64
		{CA56BC06-34F3-43B4-843D-DE7B58A6A8FE}.Debug|x64.Build.0 = Debug|x64
		{CA56BC06-34F3-43B4-843D-DE7B58A6A8FE}.Debug|x86.ActiveCfg = Debug|Win32
		{CA56BC06-34F3-43B4-843D-DE7B58A6A8FE}.Debug|x86.Build.0 = Debug|Win32
		{CA56BC06-34F3-43B4-843D-DE7B58A6A8FE}.Release|x64.ActiveCfg = Release|x64
		{CA56BC06-34F3-43B4-843D-DE7B58A6A8FE}.Release|x64.Build.0 = Release|x64
		{CA56BC06-34F3-43B4-843D-DE7B58A6A8FE}.Release|x86.ActiveCfg = Release|Win32
		{CA56BC06-34F3-43B4-843D-DE7B58A6A8FE}.Release|x86.Build.0 = Release|Win32
	EndGlobalSection
	GlobalSection(SolutionProperties) = preSolution
		HideSolutionNode = FALSE
	EndGlobalSection
	GlobalSection(ExtensibilityGlobals) = postSolution
		SolutionGuid = {B5A74E51-880D-4E41-B8A5-CA9869769416}
	EndGlobalSection
EndGlobal
